{
  "requires": true,
  "lockfileVersion": 1,
  "dependencies": {
    "@types/jquery": {
      "version": "3.2.17",
      "resolved": "https://registry.npmjs.org/@types/jquery/-/jquery-3.2.17.tgz",
      "integrity": "sha512-lt8i2ZqymxxN1JnWSOTPU7Xc3ze32lhASkVdsMd6/SZnb/jtBsmFEoYCBSa0tzGDSyO7ZB+4r4aihj+KTlDs5w=="
    },
    "@types/node": {
      "version": "8.5.7",
      "resolved": "https://registry.npmjs.org/@types/node/-/node-8.5.7.tgz",
      "integrity": "sha512-+1ZfzGIq8Y3EV7hPF7bs3i+Gi2mqYOiEGGRxGYPrn+hTYLMmzg+/5TkMkCHiRtLB38XSNvr/43aQ9+cUq4BbBg=="
    },
    "@types/parse": {
      "version": "2.4.2",
      "resolved": "https://registry.npmjs.org/@types/parse/-/parse-2.4.2.tgz",
      "integrity": "sha512-G8dmP3QefL1Fm4AguLEINSW2bqr7KTvrAut+6WhsiT20Pnf7LEo6rXNdHc9VvLeaO5H1FYTCA2sVF8FvkGRi8Q==",
      "requires": {
        "@types/jquery": "3.2.17",
        "@types/node": "8.5.7",
        "@types/underscore": "1.8.6"
      }
    },
    "@types/underscore": {
      "version": "1.8.6",
      "resolved": "https://registry.npmjs.org/@types/underscore/-/underscore-1.8.6.tgz",
      "integrity": "sha512-9r3G/aelGEmiGT6DKmvPvMxPQG387pQpS6gDuylq/oUZ7n1XkyRe/I+Kiln6Up9pjtIreusWJ8OjbczGX5g6Qg=="
    },
    "parse-sdk": {
      "version": "1.5.0",
      "resolved": "https://registry.npmjs.org/parse-sdk/-/parse-sdk-1.5.0.tgz",
      "integrity": "sha1-VK9lS1iKgsGNAcwDO5v2uSIdOZ8="
    }
  }
}
